# generated by rye
# use `rye lock` or `rye sync` to update this lockfile
#
# last locked with the following flags:
#   pre: false
#   features: []
#   all-features: true
#   with-sources: false
#   generate-hashes: false

-e file:.
annotated-types==0.6.0
    # via pydantic
anyio==4.4.0
    # via httpx
    # via together
asttokens==2.4.1
    # via inline-snapshot
black==24.8.0
    # via inline-snapshot
certifi==2023.7.22
    # via httpcore
    # via httpx
click==8.1.7
    # via black
    # via inline-snapshot
    # via together
distro==1.8.0
    # via together
exceptiongroup==1.1.3
    # via anyio
executing==2.0.1
    # via inline-snapshot
h11==0.14.0
    # via httpcore
httpcore==1.0.2
    # via httpx
httpx==0.25.2
    # via together
idna==3.4
    # via anyio
    # via httpx
inline-snapshot==0.12.1
    # via together
markdown-it-py==3.0.0
    # via rich
mdurl==0.1.2
    # via markdown-it-py
mypy-extensions==1.0.0
    # via black
numpy==2.0.0
    # via pyarrow
packaging==24.1
    # via black
pathspec==0.12.1
    # via black
pillow==10.4.0
    # via together
platformdirs==4.2.2
    # via black
pyarrow==16.1.0
    # via together
pyarrow-stubs==10.0.1.7
    # via together
pydantic==2.7.1
    # via together
pydantic-core==2.18.2
    # via pydantic
pygments==2.18.0
    # via rich
rich==13.7.1
    # via inline-snapshot
six==1.16.0
    # via asttokens
sniffio==1.3.0
    # via anyio
    # via httpx
    # via together
tabulate==0.9.0
    # via together
toml==0.10.2
    # via inline-snapshot
tomli==2.0.1
    # via black
types-tabulate==0.9.0.20240106
    # via together
types-toml==0.10.8.20240310
    # via inline-snapshot
typing-extensions==4.8.0
    # via anyio
    # via black
    # via inline-snapshot
    # via pydantic
    # via pydantic-core
    # via together
